
Microsoft Visual Studio Solution File, Format Version 12.00
# Visual Studio Version 16
VisualStudioVersion = 16.0.31129.286
MinimumVisualStudioVersion = 10.0.40219.1
Project("{FAE04EC0-301F-11D3-BF4B-00C04F79EFBC}") = "App_for_Infopulse_Angular", "App_for_Infopulse_Angular\App_for_Infopulse_Angular.csproj", "{5D1C0B84-A0DF-4555-B5AC-133B8B4434D7}"
EndProject
Global
	GlobalSection(SolutionConfigurationPlatforms) = preSolution
		Debug|Any CPU = Debug|Any CPU
		Release|Any CPU = Release|Any CPU
	EndGlobalSection
	GlobalSection(ProjectConfigurationPlatforms) = postSolution
		{5D1C0B84-A0DF-4555-B5AC-133B8B4434D7}.Debug|Any CPU.ActiveCfg = Debug|Any CPU
		{5D1C0B84-A0DF-4555-B5AC-133B8B4434D7}.Debug|Any CPU.Build.0 = Debug|Any CPU
		{5D1C0B84-A0DF-4555-B5AC-133B8B4434D7}.Release|Any CPU.ActiveCfg = Release|Any CPU
		{5D1C0B84-A0DF-4555-B5AC-133B8B4434D7}.Release|Any CPU.Build.0 = Release|Any CPU
	EndGlobalSection
	GlobalSection(SolutionProperties) = preSolution
		HideSolutionNode = FALSE
	EndGlobalSection
	GlobalSection(ExtensibilityGlobals) = postSolution
		SolutionGuid = {BDC27D1A-486A-4F84-917E-584766A5E716}
	EndGlobalSection
EndGlobal
